
Microsoft Visual Studio Solution File, Format Version 12.00
# Visual Studio Version 17
VisualStudioVersion = 17.9.34728.123
MinimumVisualStudioVersion = 10.0.40219.1
Project("{9A19103F-16F7-4668-BE54-9A1E7A4F7556}") = "TaxiDetails", "TaxiDetails\TaxiDetails.csproj", "{53D63990-369F-4D7C-A2D3-52CA7E41997D}"
EndProject
Project("{9A19103F-16F7-4668-BE54-9A1E7A4F7556}") = "TaxiDetails.Tests", "TaxiDetails.Tests\TaxiDetails.Tests.csproj", "{EE0C4A71-1EAF-440E-A535-24F1A54D187F}"
EndProject
Project("{9A19103F-16F7-4668-BE54-9A1E7A4F7556}") = "WebApi", "WebApi\WebApi.csproj", "{88397BCF-0231-414D-8014-F2F746DC8A08}"
	ProjectSection(ProjectDependencies) = postProject
		{53D63990-369F-4D7C-A2D3-52CA7E41997D} = {53D63990-369F-4D7C-A2D3-52CA7E41997D}
	EndProjectSection
EndProject
Global
	GlobalSection(SolutionConfigurationPlatforms) = preSolution
		Debug|Any CPU = Debug|Any CPU
		Release|Any CPU = Release|Any CPU
	EndGlobalSection
	GlobalSection(ProjectConfigurationPlatforms) = postSolution
		{53D63990-369F-4D7C-A2D3-52CA7E41997D}.Debug|Any CPU.ActiveCfg = Debug|Any CPU
		{53D63990-369F-4D7C-A2D3-52CA7E41997D}.Debug|Any CPU.Build.0 = Debug|Any CPU
		{53D63990-369F-4D7C-A2D3-52CA7E41997D}.Release|Any CPU.ActiveCfg = Release|Any CPU
		{53D63990-369F-4D7C-A2D3-52CA7E41997D}.Release|Any CPU.Build.0 = Release|Any CPU
		{EE0C4A71-1EAF-440E-A535-24F1A54D187F}.Debug|Any CPU.ActiveCfg = Debug|Any CPU
		{EE0C4A71-1EAF-440E-A535-24F1A54D187F}.Debug|Any CPU.Build.0 = Debug|Any CPU
		{EE0C4A71-1EAF-440E-A535-24F1A54D187F}.Release|Any CPU.ActiveCfg = Release|Any CPU
		{EE0C4A71-1EAF-440E-A535-24F1A54D187F}.Release|Any CPU.Build.0 = Release|Any CPU
		{88397BCF-0231-414D-8014-F2F746DC8A08}.Debug|Any CPU.ActiveCfg = Debug|Any CPU
		{88397BCF-0231-414D-8014-F2F746DC8A08}.Debug|Any CPU.Build.0 = Debug|Any CPU
		{88397BCF-0231-414D-8014-F2F746DC8A08}.Release|Any CPU.ActiveCfg = Release|Any CPU
		{88397BCF-0231-414D-8014-F2F746DC8A08}.Release|Any CPU.Build.0 = Release|Any CPU
	EndGlobalSection
	GlobalSection(SolutionProperties) = preSolution
		HideSolutionNode = FALSE
	EndGlobalSection
	GlobalSection(ExtensibilityGlobals) = postSolution
		SolutionGuid = {14597F1E-4B47-472F-958B-241032B2D401}
	EndGlobalSection
EndGlobal
